<Solution>
  <Folder Name="/src/">
    <Project Path="src/WildSeed.Api/WildSeed.Api.csproj" />
    <Project Path="src/WildSeed.Domain/WildSeed.Domain.csproj" />
    <Project Path="src/WildSeed.Simulation/WildSeed.Simulation.csproj" />
  </Folder>
  <Project Path="../Backend.Tests/WildSeed.Architecture.Tests/WildSeed.Architecture.Tests.csproj" />
  <Project Path="../Backend.Tests/WildSeed.Domain.Tests/WildSeed.Domain.Tests.csproj" />
  <Project Path="../Backend.Tests/WildSeed.Simulation.Tests/WildSeed.Simulation.Tests.csproj" />
</Solution>
